
Microsoft Visual Studio Solution File, Format Version 12.00
# Visual Studio 15
VisualStudioVersion = 15.0.26430.14
MinimumVisualStudioVersion = 10.0.40219.1
Project("{FAE04EC0-301F-11D3-BF4B-00C04F79EFBC}") = "PhonewordApp", "PhonewordApp\PhonewordApp.csproj", "{448CBB31-0462-48A5-8A81-C95AE0EDADA9}"
EndProject
Project("{FAE04EC0-301F-11D3-BF4B-00C04F79EFBC}") = "CommonBasicControls", "CommonBasicControls\CommonBasicControls.csproj", "{9A4506DE-E230-4193-8B1D-0536D820F0CC}"
EndProject
Project("{FAE04EC0-301F-11D3-BF4B-00C04F79EFBC}") = "AdSubApp", "AdSubApp\AdSubApp.csproj", "{AE0E92BB-BAA7-4240-B04D-DF5BB1BAD92F}"
EndProject
Project("{FAE04EC0-301F-11D3-BF4B-00C04F79EFBC}") = "RestartAppService", "RestartAppService\RestartAppService.csproj", "{C88275F3-EA19-495D-9CF0-1211A38E0D52}"
EndProject
Global
	GlobalSection(SolutionConfigurationPlatforms) = preSolution
		Debug|Any CPU = Debug|Any CPU
		Debug|x64 = Debug|x64
		Debug|x86 = Debug|x86
		Release|Any CPU = Release|Any CPU
		Release|x64 = Release|x64
		Release|x86 = Release|x86
	EndGlobalSection
	GlobalSection(ProjectConfigurationPlatforms) = postSolution
		{448CBB31-0462-48A5-8A81-C95AE0EDADA9}.Debug|Any CPU.ActiveCfg = Debug|Any CPU
		{448CBB31-0462-48A5-8A81-C95AE0EDADA9}.Debug|Any CPU.Build.0 = Debug|Any CPU
		{448CBB31-0462-48A5-8A81-C95AE0EDADA9}.Debug|Any CPU.Deploy.0 = Debug|Any CPU
		{448CBB31-0462-48A5-8A81-C95AE0EDADA9}.Debug|x64.ActiveCfg = Debug|x64
		{448CBB31-0462-48A5-8A81-C95AE0EDADA9}.Debug|x64.Build.0 = Debug|x64
		{448CBB31-0462-48A5-8A81-C95AE0EDADA9}.Debug|x64.Deploy.0 = Debug|x64
		{448CBB31-0462-48A5-8A81-C95AE0EDADA9}.Debug|x86.ActiveCfg = Debug|x86
		{448CBB31-0462-48A5-8A81-C95AE0EDADA9}.Debug|x86.Build.0 = Debug|x86
		{448CBB31-0462-48A5-8A81-C95AE0EDADA9}.Debug|x86.Deploy.0 = Debug|x86
		{448CBB31-0462-48A5-8A81-C95AE0EDADA9}.Release|Any CPU.ActiveCfg = Release|Any CPU
		{448CBB31-0462-48A5-8A81-C95AE0EDADA9}.Release|Any CPU.Build.0 = Release|Any CPU
		{448CBB31-0462-48A5-8A81-C95AE0EDADA9}.Release|Any CPU.Deploy.0 = Release|Any CPU
		{448CBB31-0462-48A5-8A81-C95AE0EDADA9}.Release|x64.ActiveCfg = Release|x64
		{448CBB31-0462-48A5-8A81-C95AE0EDADA9}.Release|x64.Build.0 = Release|x64
		{448CBB31-0462-48A5-8A81-C95AE0EDADA9}.Release|x64.Deploy.0 = Release|x64
		{448CBB31-0462-48A5-8A81-C95AE0EDADA9}.Release|x86.ActiveCfg = Release|x86
		{448CBB31-0462-48A5-8A81-C95AE0EDADA9}.Release|x86.Build.0 = Release|x86
		{448CBB31-0462-48A5-8A81-C95AE0EDADA9}.Release|x86.Deploy.0 = Release|x86
		{9A4506DE-E230-4193-8B1D-0536D820F0CC}.Debug|Any CPU.ActiveCfg = Debug|Any CPU
		{9A4506DE-E230-4193-8B1D-0536D820F0CC}.Debug|Any CPU.Build.0 = Debug|Any CPU
		{9A4506DE-E230-4193-8B1D-0536D820F0CC}.Debug|Any CPU.Deploy.0 = Debug|Any CPU
		{9A4506DE-E230-4193-8B1D-0536D820F0CC}.Debug|x64.ActiveCfg = Debug|x64
		{9A4506DE-E230-4193-8B1D-0536D820F0CC}.Debug|x64.Build.0 = Debug|x64
		{9A4506DE-E230-4193-8B1D-0536D820F0CC}.Debug|x64.Deploy.0 = Debug|x64
		{9A4506DE-E230-4193-8B1D-0536D820F0CC}.Debug|x86.ActiveCfg = Debug|x86
		{9A4506DE-E230-4193-8B1D-0536D820F0CC}.Debug|x86.Build.0 = Debug|x86
		{9A4506DE-E230-4193-8B1D-0536D820F0CC}.Debug|x86.Deploy.0 = Debug|x86
		{9A4506DE-E230-4193-8B1D-0536D820F0CC}.Release|Any CPU.ActiveCfg = Release|Any CPU
		{9A4506DE-E230-4193-8B1D-0536D820F0CC}.Release|Any CPU.Build.0 = Release|Any CPU
		{9A4506DE-E230-4193-8B1D-0536D820F0CC}.Release|Any CPU.Deploy.0 = Release|Any CPU
		{9A4506DE-E230-4193-8B1D-0536D820F0CC}.Release|x64.ActiveCfg = Release|x64
		{9A4506DE-E230-4193-8B1D-0536D820F0CC}.Release|x64.Build.0 = Release|x64
		{9A4506DE-E230-4193-8B1D-0536D820F0CC}.Release|x64.Deploy.0 = Release|x64
		{9A4506DE-E230-4193-8B1D-0536D820F0CC}.Release|x86.ActiveCfg = Release|x86
		{9A4506DE-E230-4193-8B1D-0536D820F0CC}.Release|x86.Build.0 = Release|x86
		{9A4506DE-E230-4193-8B1D-0536D820F0CC}.Release|x86.Deploy.0 = Release|x86
		{AE0E92BB-BAA7-4240-B04D-DF5BB1BAD92F}.Debug|Any CPU.ActiveCfg = Debug|Any CPU
		{AE0E92BB-BAA7-4240-B04D-DF5BB1BAD92F}.Debug|Any CPU.Build.0 = Debug|Any CPU
		{AE0E92BB-BAA7-4240-B04D-DF5BB1BAD92F}.Debug|Any CPU.Deploy.0 = Debug|Any CPU
		{AE0E92BB-BAA7-4240-B04D-DF5BB1BAD92F}.Debug|x64.ActiveCfg = Debug|x64
		{AE0E92BB-BAA7-4240-B04D-DF5BB1BAD92F}.Debug|x64.Build.0 = Debug|x64
		{AE0E92BB-BAA7-4240-B04D-DF5BB1BAD92F}.Debug|x64.Deploy.0 = Debug|x64
		{AE0E92BB-BAA7-4240-B04D-DF5BB1BAD92F}.Debug|x86.ActiveCfg = Debug|x86
		{AE0E92BB-BAA7-4240-B04D-DF5BB1BAD92F}.Debug|x86.Build.0 = Debug|x86
		{AE0E92BB-BAA7-4240-B04D-DF5BB1BAD92F}.Debug|x86.Deploy.0 = Debug|x86
		{AE0E92BB-BAA7-4240-B04D-DF5BB1BAD92F}.Release|Any CPU.ActiveCfg = Release|Any CPU
		{AE0E92BB-BAA7-4240-B04D-DF5BB1BAD92F}.Release|Any CPU.Build.0 = Release|Any CPU
		{AE0E92BB-BAA7-4240-B04D-DF5BB1BAD92F}.Release|Any CPU.Deploy.0 = Release|Any CPU
		{AE0E92BB-BAA7-4240-B04D-DF5BB1BAD92F}.Release|x64.ActiveCfg = Release|x64
		{AE0E92BB-BAA7-4240-B04D-DF5BB1BAD92F}.Release|x64.Build.0 = Release|x64
		{AE0E92BB-BAA7-4240-B04D-DF5BB1BAD92F}.Release|x64.Deploy.0 = Release|x64
		{AE0E92BB-BAA7-4240-B04D-DF5BB1BAD92F}.Release|x86.ActiveCfg = Release|x86
		{AE0E92BB-BAA7-4240-B04D-DF5BB1BAD92F}.Release|x86.Build.0 = Release|x86
		{AE0E92BB-BAA7-4240-B04D-DF5BB1BAD92F}.Release|x86.Deploy.0 = Release|x86
		{C88275F3-EA19-495D-9CF0-1211A38E0D52}.Debug|Any CPU.ActiveCfg = Debug|Any CPU
		{C88275F3-EA19-495D-9CF0-1211A38E0D52}.Debug|Any CPU.Build.0 = Debug|Any CPU
		{C88275F3-EA19-495D-9CF0-1211A38E0D52}.Debug|Any CPU.Deploy.0 = Debug|Any CPU
		{C88275F3-EA19-495D-9CF0-1211A38E0D52}.Debug|x64.ActiveCfg = Debug|x64
		{C88275F3-EA19-495D-9CF0-1211A38E0D52}.Debug|x64.Build.0 = Debug|x64
		{C88275F3-EA19-495D-9CF0-1211A38E0D52}.Debug|x64.Deploy.0 = Debug|x64
		{C88275F3-EA19-495D-9CF0-1211A38E0D52}.Debug|x86.ActiveCfg = Debug|Any CPU
		{C88275F3-EA19-495D-9CF0-1211A38E0D52}.Debug|x86.Build.0 = Debug|Any CPU
		{C88275F3-EA19-495D-9CF0-1211A38E0D52}.Debug|x86.Deploy.0 = Debug|Any CPU
		{C88275F3-EA19-495D-9CF0-1211A38E0D52}.Release|Any CPU.ActiveCfg = Release|Any CPU
		{C88275F3-EA19-495D-9CF0-1211A38E0D52}.Release|Any CPU.Build.0 = Release|Any CPU
		{C88275F3-EA19-495D-9CF0-1211A38E0D52}.Release|Any CPU.Deploy.0 = Release|Any CPU
		{C88275F3-EA19-495D-9CF0-1211A38E0D52}.Release|x64.ActiveCfg = Release|Any CPU
		{C88275F3-EA19-495D-9CF0-1211A38E0D52}.Release|x64.Build.0 = Release|Any CPU
		{C88275F3-EA19-495D-9CF0-1211A38E0D52}.Release|x64.Deploy.0 = Release|Any CPU
		{C88275F3-EA19-495D-9CF0-1211A38E0D52}.Release|x86.ActiveCfg = Release|Any CPU
		{C88275F3-EA19-495D-9CF0-1211A38E0D52}.Release|x86.Build.0 = Release|Any CPU
		{C88275F3-EA19-495D-9CF0-1211A38E0D52}.Release|x86.Deploy.0 = Release|Any CPU
	EndGlobalSection
	GlobalSection(SolutionProperties) = preSolution
		HideSolutionNode = FALSE
	EndGlobalSection
EndGlobal
